// !$*UTF8*$!
{
	archiveVersion = 1;
	classes = {
	};
	objectVersion = 46;
	objects = {

/* Begin PBXBuildFile section */
		77A4AEE5D38ACF3598C6126D /* Pods_pokedexSwift3.framework in Frameworks */ = {isa = PBXBuildFile; fileRef = 70C977149EFD6C9D52FB11F3 /* Pods_pokedexSwift3.framework */; };
		ED8428BC1E42A87F0038AC4A /* AppDelegate.swift in Sources */ = {isa = PBXBuildFile; fileRef = ED8428BB1E42A87F0038AC4A /* AppDelegate.swift */; };
		ED8428BE1E42A87F0038AC4A /* ViewController.swift in Sources */ = {isa = PBXBuildFile; fileRef = ED8428BD1E42A87F0038AC4A /* ViewController.swift */; };
		ED8428C11E42A87F0038AC4A /* Main.storyboard in Resources */ = {isa = PBXBuildFile; fileRef = ED8428BF1E42A87F0038AC4A /* Main.storyboard */; };
		ED8428C31E42A87F0038AC4A /* Assets.xcassets in Resources */ = {isa = PBXBuildFile; fileRef = ED8428C21E42A87F0038AC4A /* Assets.xcassets */; };
		ED8428C61E42A87F0038AC4A /* LaunchScreen.storyboard in Resources */ = {isa = PBXBuildFile; fileRef = ED8428C41E42A87F0038AC4A /* LaunchScreen.storyboard */; };
		ED8428CE1E42AAF30038AC4A /* pokemon.csv in Resources */ = {isa = PBXBuildFile; fileRef = ED8428CD1E42AAF30038AC4A /* pokemon.csv */; };
		ED8428D11E42AC0D0038AC4A /* Pokemon.swift in Sources */ = {isa = PBXBuildFile; fileRef = ED8428D01E42AC0D0038AC4A /* Pokemon.swift */; };
		ED8428D51E42B9100038AC4A /* PokeCell.swift in Sources */ = {isa = PBXBuildFile; fileRef = ED8428D41E42B9100038AC4A /* PokeCell.swift */; };
		ED8428D71E439B7B0038AC4A /* csv.swift in Sources */ = {isa = PBXBuildFile; fileRef = ED8428D61E439B7B0038AC4A /* csv.swift */; };
		ED8428D91E43A3A80038AC4A /* pokemon.ttf in Resources */ = {isa = PBXBuildFile; fileRef = ED8428D81E43A3A80038AC4A /* pokemon.ttf */; };
		ED8428DE1E43A9E90038AC4A /* music.png in Resources */ = {isa = PBXBuildFile; fileRef = ED8428DD1E43A9E90038AC4A /* music.png */; };
		ED8428E01E43AA520038AC4A /* music.mp3 in Resources */ = {isa = PBXBuildFile; fileRef = ED8428DF1E43AA520038AC4A /* music.mp3 */; };
		ED8428E41E43F1480038AC4A /* PokemonDetailVC.swift in Sources */ = {isa = PBXBuildFile; fileRef = ED8428E31E43F1480038AC4A /* PokemonDetailVC.swift */; };
		ED8454D61E4E3F34009F9DEF /* Constants.swift in Sources */ = {isa = PBXBuildFile; fileRef = ED8454D51E4E3F34009F9DEF /* Constants.swift */; };
/* End PBXBuildFile section */

/* Begin PBXFileReference section */
		70C977149EFD6C9D52FB11F3 /* Pods_pokedexSwift3.framework */ = {isa = PBXFileReference; explicitFileType = wrapper.framework; includeInIndex = 0; path = Pods_pokedexSwift3.framework; sourceTree = BUILT_PRODUCTS_DIR; };
		8B8977C9351DEABED6A17272 /* Pods-pokedexSwift3.release.xcconfig */ = {isa = PBXFileReference; includeInIndex = 1; lastKnownFileType = text.xcconfig; name = "Pods-pokedexSwift3.release.xcconfig"; path = "Pods/Target Support Files/Pods-pokedexSwift3/Pods-pokedexSwift3.release.xcconfig"; sourceTree = "<group>"; };
		E0D4189422228E8E10F721B7 /* Pods-pokedexSwift3.debug.xcconfig */ = {isa = PBXFileReference; includeInIndex = 1; lastKnownFileType = text.xcconfig; name = "Pods-pokedexSwift3.debug.xcconfig"; path = "Pods/Target Support Files/Pods-pokedexSwift3/Pods-pokedexSwift3.debug.xcconfig"; sourceTree = "<group>"; };
		ED8428B81E42A87F0038AC4A /* pokedexSwift3.app */ = {isa = PBXFileReference; explicitFileType = wrapper.application; includeInIndex = 0; path = pokedexSwift3.app; sourceTree = BUILT_PRODUCTS_DIR; };
		ED8428BB1E42A87F0038AC4A /* AppDelegate.swift */ = {isa = PBXFileReference; lastKnownFileType = sourcecode.swift; path = AppDelegate.swift; sourceTree = "<group>"; };
		ED8428BD1E42A87F0038AC4A /* ViewController.swift */ = {isa = PBXFileReference; lastKnownFileType = sourcecode.swift; path = ViewController.swift; sourceTree = "<group>"; };
		ED8428C01E42A87F0038AC4A /* Base */ = {isa = PBXFileReference; lastKnownFileType = file.storyboard; name = Base; path = Base.lproj/Main.storyboard; sourceTree = "<group>"; };
		ED8428C21E42A87F0038AC4A /* Assets.xcassets */ = {isa = PBXFileReference; lastKnownFileType = folder.assetcatalog; path = Assets.xcassets; sourceTree = "<group>"; };
		ED8428C51E42A87F0038AC4A /* Base */ = {isa = PBXFileReference; lastKnownFileType = file.storyboard; name = Base; path = Base.lproj/LaunchScreen.storyboard; sourceTree = "<group>"; };
		ED8428C71E42A87F0038AC4A /* Info.plist */ = {isa = PBXFileReference; lastKnownFileType = text.plist.xml; path = Info.plist; sourceTree = "<group>"; };
		ED8428CD1E42AAF30038AC4A /* pokemon.csv */ = {isa = PBXFileReference; fileEncoding = 4; lastKnownFileType = text; path = pokemon.csv; sourceTree = "<group>"; };
		ED8428D01E42AC0D0038AC4A /* Pokemon.swift */ = {isa = PBXFileReference; fileEncoding = 4; lastKnownFileType = sourcecode.swift; path = Pokemon.swift; sourceTree = "<group>"; };
		ED8428D41E42B9100038AC4A /* PokeCell.swift */ = {isa = PBXFileReference; fileEncoding = 4; lastKnownFileType = sourcecode.swift; path = PokeCell.swift; sourceTree = "<group>"; };
		ED8428D61E439B7B0038AC4A /* csv.swift */ = {isa = PBXFileReference; fileEncoding = 4; lastKnownFileType = sourcecode.swift; path = csv.swift; sourceTree = "<group>"; };
		ED8428D81E43A3A80038AC4A /* pokemon.ttf */ = {isa = PBXFileReference; lastKnownFileType = file; path = pokemon.ttf; sourceTree = "<group>"; };
		ED8428DD1E43A9E90038AC4A /* music.png */ = {isa = PBXFileReference; lastKnownFileType = image.png; path = music.png; sourceTree = "<group>"; };
		ED8428DF1E43AA520038AC4A /* music.mp3 */ = {isa = PBXFileReference; lastKnownFileType = audio.mp3; path = music.mp3; sourceTree = "<group>"; };
		ED8428E31E43F1480038AC4A /* PokemonDetailVC.swift */ = {isa = PBXFileReference; fileEncoding = 4; lastKnownFileType = sourcecode.swift; path = PokemonDetailVC.swift; sourceTree = "<group>"; };
		ED8454D51E4E3F34009F9DEF /* Constants.swift */ = {isa = PBXFileReference; fileEncoding = 4; lastKnownFileType = sourcecode.swift; path = Constants.swift; sourceTree = "<group>"; };
/* End PBXFileReference section */

/* Begin PBXFrameworksBuildPhase section */
		ED8428B51E42A87F0038AC4A /* Frameworks */ = {
			isa = PBXFrameworksBuildPhase;
			buildActionMask = 2147483647;
			files = (
				77A4AEE5D38ACF3598C6126D /* Pods_pokedexSwift3.framework in Frameworks */,
			);
			runOnlyForDeploymentPostprocessing = 0;
		};
/* End PBXFrameworksBuildPhase section */

/* Begin PBXGroup section */
		82B2388B898AB20D2D1A2792 /* Pods */ = {
			isa = PBXGroup;
			children = (
				E0D4189422228E8E10F721B7 /* Pods-pokedexSwift3.debug.xcconfig */,
				8B8977C9351DEABED6A17272 /* Pods-pokedexSwift3.release.xcconfig */,
			);
			name = Pods;
			sourceTree = "<group>";
		};
		C68B8ECE85A06480D707B5E0 /* Frameworks */ = {
			isa = PBXGroup;
			children = (
				70C977149EFD6C9D52FB11F3 /* Pods_pokedexSwift3.framework */,
			);
			name = Frameworks;
			sourceTree = "<group>";
		};
		ED8428AF1E42A87F0038AC4A = {
			isa = PBXGroup;
			children = (
				ED8428BA1E42A87F0038AC4A /* pokedexSwift3 */,
				ED8428B91E42A87F0038AC4A /* Products */,
				82B2388B898AB20D2D1A2792 /* Pods */,
				C68B8ECE85A06480D707B5E0 /* Frameworks */,
			);
			sourceTree = "<group>";
		};
		ED8428B91E42A87F0038AC4A /* Products */ = {
			isa = PBXGroup;
			children = (
				ED8428B81E42A87F0038AC4A /* pokedexSwift3.app */,
			);
			name = Products;
			sourceTree = "<group>";
		};
		ED8428BA1E42A87F0038AC4A /* pokedexSwift3 */ = {
			isa = PBXGroup;
			children = (
				ED8428CF1E42AC040038AC4A /* Model */,
				ED8428D21E42B8CA0038AC4A /* View */,
				ED8428DA1E43A3B30038AC4A /* Controller */,
				ED8428DB1E43A3BF0038AC4A /* Resources */,
				ED8428DC1E43A3DD0038AC4A /* Utilities */,
				ED8428BB1E42A87F0038AC4A /* AppDelegate.swift */,
				ED8428BF1E42A87F0038AC4A /* Main.storyboard */,
				ED8428C21E42A87F0038AC4A /* Assets.xcassets */,
				ED8428C41E42A87F0038AC4A /* LaunchScreen.storyboard */,
				ED8428C71E42A87F0038AC4A /* Info.plist */,
			);
			path = pokedexSwift3;
			sourceTree = "<group>";
		};
		ED8428CF1E42AC040038AC4A /* Model */ = {
			isa = PBXGroup;
			children = (
				ED8428D01E42AC0D0038AC4A /* Pokemon.swift */,
			);
			name = Model;
			sourceTree = "<group>";
		};
		ED8428D21E42B8CA0038AC4A /* View */ = {
			isa = PBXGroup;
			children = (
				ED8428D41E42B9100038AC4A /* PokeCell.swift */,
			);
			name = View;
			sourceTree = "<group>";
		};
		ED8428DA1E43A3B30038AC4A /* Controller */ = {
			isa = PBXGroup;
			children = (
				ED8428BD1E42A87F0038AC4A /* ViewController.swift */,
				ED8428E31E43F1480038AC4A /* PokemonDetailVC.swift */,
			);
			name = Controller;
			sourceTree = "<group>";
		};
		ED8428DB1E43A3BF0038AC4A /* Resources */ = {
			isa = PBXGroup;
			children = (
				ED8428DD1E43A9E90038AC4A /* music.png */,
				ED8428CD1E42AAF30038AC4A /* pokemon.csv */,
				ED8428D81E43A3A80038AC4A /* pokemon.ttf */,
				ED8428DF1E43AA520038AC4A /* music.mp3 */,
			);
			name = Resources;
			sourceTree = "<group>";
		};
		ED8428DC1E43A3DD0038AC4A /* Utilities */ = {
			isa = PBXGroup;
			children = (
				ED8428D61E439B7B0038AC4A /* csv.swift */,
				ED8454D51E4E3F34009F9DEF /* Constants.swift */,
			);
			name = Utilities;
			sourceTree = "<group>";
		};
/* End PBXGroup section */

/* Begin PBXNativeTarget section */
		ED8428B71E42A87F0038AC4A /* pokedexSwift3 */ = {
			isa = PBXNativeTarget;
			buildConfigurationList = ED8428CA1E42A87F0038AC4A /* Build configuration list for PBXNativeTarget "pokedexSwift3" */;
			buildPhases = (
				C953CAC3F023E26EBB583BA1 /* [CP] Check Pods Manifest.lock */,
				ED8428B41E42A87F0038AC4A /* Sources */,
				ED8428B51E42A87F0038AC4A /* Frameworks */,
				ED8428B61E42A87F0038AC4A /* Resources */,
				84892803FB977D4B55F5DE19 /* [CP] Embed Pods Frameworks */,
				CC6DCD22DCBCF3EF6663583A /* [CP] Copy Pods Resources */,
			);
			buildRules = (
			);
			dependencies = (
			);
			name = pokedexSwift3;
			productName = pokedexSwift3;
			productReference = ED8428B81E42A87F0038AC4A /* pokedexSwift3.app */;
			productType = "com.apple.product-type.application";
		};
/* End PBXNativeTarget section */

/* Begin PBXProject section */
		ED8428B01E42A87F0038AC4A /* Project object */ = {
			isa = PBXProject;
			attributes = {
				LastSwiftUpdateCheck = 0820;
				LastUpgradeCheck = 0820;
				ORGANIZATIONNAME = "Quinten Simmons";
				TargetAttributes = {
					ED8428B71E42A87F0038AC4A = {
						CreatedOnToolsVersion = 8.2.1;
						DevelopmentTeam = ZEM5QV8235;
						LastSwiftMigration = 0820;
						ProvisioningStyle = Automatic;
					};
				};
			};
			buildConfigurationList = ED8428B31E42A87F0038AC4A /* Build configuration list for PBXProject "pokedexSwift3" */;
			compatibilityVersion = "Xcode 3.2";
			developmentRegion = English;
			hasScannedForEncodings = 0;
			knownRegions = (
				en,
				Base,
			);
			mainGroup = ED8428AF1E42A87F0038AC4A;
			productRefGroup = ED8428B91E42A87F0038AC4A /* Products */;
			projectDirPath = "";
			projectRoot = "";
			targets = (
				ED8428B71E42A87F0038AC4A /* pokedexSwift3 */,
			);
		};
/* End PBXProject section */

/* Begin PBXResourcesBuildPhase section */
		ED8428B61E42A87F0038AC4A /* Resources */ = {
			isa = PBXResourcesBuildPhase;
			buildActionMask = 2147483647;
			files = (
				ED8428D91E43A3A80038AC4A /* pokemon.ttf in Resources */,
				ED8428C61E42A87F0038AC4A /* LaunchScreen.storyboard in Resources */,
				ED8428C31E42A87F0038AC4A /* Assets.xcassets in Resources */,
				ED8428CE1E42AAF30038AC4A /* pokemon.csv in Resources */,
				ED8428C11E42A87F0038AC4A /* Main.storyboard in Resources */,
				ED8428E01E43AA520038AC4A /* music.mp3 in Resources */,
				ED8428DE1E43A9E90038AC4A /* music.png in Resources */,
			);
			runOnlyForDeploymentPostprocessing = 0;
		};
/* End PBXResourcesBuildPhase section */

/* Begin PBXShellScriptBuildPhase section */
		84892803FB977D4B55F5DE19 /* [CP] Embed Pods Frameworks */ = {
			isa = PBXShellScriptBuildPhase;
			buildActionMask = 2147483647;
			files = (
			);
			inputPaths = (
			);
			name = "[CP] Embed Pods Frameworks";
			outputPaths = (
			);
			runOnlyForDeploymentPostprocessing = 0;
			shellPath = /bin/sh;
			shellScript = "\"${SRCROOT}/Pods/Target Support Files/Pods-pokedexSwift3/Pods-pokedexSwift3-frameworks.sh\"\n";
			showEnvVarsInLog = 0;
		};
		C953CAC3F023E26EBB583BA1 /* [CP] Check Pods Manifest.lock */ = {
			isa = PBXShellScriptBuildPhase;
			buildActionMask = 2147483647;
			files = (
			);
			inputPaths = (
			);
			name = "[CP] Check Pods Manifest.lock";
			outputPaths = (
			);
			runOnlyForDeploymentPostprocessing = 0;
			shellPath = /bin/sh;
			shellScript = "diff \"${PODS_ROOT}/../Podfile.lock\" \"${PODS_ROOT}/Manifest.lock\" > /dev/null\nif [ $? != 0 ] ; then\n    # print error to STDERR\n    echo \"error: The sandbox is not in sync with the Podfile.lock. Run 'pod install' or update your CocoaPods installation.\" >&2\n    exit 1\nfi\n";
			showEnvVarsInLog = 0;
		};
		CC6DCD22DCBCF3EF6663583A /* [CP] Copy Pods Resources */ = {
			isa = PBXShellScriptBuildPhase;
			buildActionMask = 2147483647;
			files = (
			);
			inputPaths = (
			);
			name = "[CP] Copy Pods Resources";
			outputPaths = (
			);
			runOnlyForDeploymentPostprocessing = 0;
			shellPath = /bin/sh;
			shellScript = "\"${SRCROOT}/Pods/Target Support Files/Pods-pokedexSwift3/Pods-pokedexSwift3-resources.sh\"\n";
			showEnvVarsInLog = 0;
		};
/* End PBXShellScriptBuildPhase section */

/* Begin PBXSourcesBuildPhase section */
		ED8428B41E42A87F0038AC4A /* Sources */ = {
			isa = PBXSourcesBuildPhase;
			buildActionMask = 2147483647;
			files = (
				ED8428D51E42B9100038AC4A /* PokeCell.swift in Sources */,
				ED8428BE1E42A87F0038AC4A /* ViewController.swift in Sources */,
				ED8428D11E42AC0D0038AC4A /* Pokemon.swift in Sources */,
				ED8428E41E43F1480038AC4A /* PokemonDetailVC.swift in Sources */,
				ED8454D61E4E3F34009F9DEF /* Constants.swift in Sources */,
				ED8428BC1E42A87F0038AC4A /* AppDelegate.swift in Sources */,
				ED8428D71E439B7B0038AC4A /* csv.swift in Sources */,
			);
			runOnlyForDeploymentPostprocessing = 0;
		};
/* End PBXSourcesBuildPhase section */

/* Begin PBXVariantGroup section */
		ED8428BF1E42A87F0038AC4A /* Main.storyboard */ = {
			isa = PBXVariantGroup;
			children = (
				ED8428C01E42A87F0038AC4A /* Base */,
			);
			name = Main.storyboard;
			sourceTree = "<group>";
		};
		ED8428C41E42A87F0038AC4A /* LaunchScreen.storyboard */ = {
			isa = PBXVariantGroup;
			children = (
				ED8428C51E42A87F0038AC4A /* Base */,
			);
			name = LaunchScreen.storyboard;
			sourceTree = "<group>";
		};
/* End PBXVariantGroup section */

/* Begin XCBuildConfiguration section */
		ED8428C81E42A87F0038AC4A /* Debug */ = {
			isa = XCBuildConfiguration;
			buildSettings = {
				ALWAYS_SEARCH_USER_PATHS = NO;
				CLANG_ANALYZER_NONNULL = YES;
				CLANG_CXX_LANGUAGE_STANDARD = "gnu++0x";
				CLANG_CXX_LIBRARY = "libc++";
				CLANG_ENABLE_MODULES = YES;
				CLANG_ENABLE_OBJC_ARC = YES;
				CLANG_WARN_BOOL_CONVERSION = YES;
				CLANG_WARN_CONSTANT_CONVERSION = YES;
				CLANG_WARN_DIRECT_OBJC_ISA_USAGE = YES_ERROR;
				CLANG_WARN_DOCUMENTATION_COMMENTS = YES;
				CLANG_WARN_EMPTY_BODY = YES;
				CLANG_WARN_ENUM_CONVERSION = YES;
				CLANG_WARN_INFINITE_RECURSION = YES;
				CLANG_WARN_INT_CONVERSION = YES;
				CLANG_WARN_OBJC_ROOT_CLASS = YES_ERROR;
				CLANG_WARN_SUSPICIOUS_MOVE = YES;
				CLANG_WARN_UNREACHABLE_CODE = YES;
				CLANG_WARN__DUPLICATE_METHOD_MATCH = YES;
				"CODE_SIGN_IDENTITY[sdk=iphoneos*]" = "iPhone Developer";
				COPY_PHASE_STRIP = NO;
				DEBUG_INFORMATION_FORMAT = dwarf;
				ENABLE_STRICT_OBJC_MSGSEND = YES;
				ENABLE_TESTABILITY = YES;
				GCC_C_LANGUAGE_STANDARD = gnu99;
				GCC_DYNAMIC_NO_PIC = NO;
				GCC_NO_COMMON_BLOCKS = YES;
				GCC_OPTIMIZATION_LEVEL = 0;
				GCC_PREPROCESSOR_DEFINITIONS = (
					"DEBUG=1",
					"$(inherited)",
				);
				GCC_WARN_64_TO_32_BIT_CONVERSION = YES;
				GCC_WARN_ABOUT_RETURN_TYPE = YES_ERROR;
				GCC_WARN_UNDECLARED_SELECTOR = YES;
				GCC_WARN_UNINITIALIZED_AUTOS = YES_AGGRESSIVE;
				GCC_WARN_UNUSED_FUNCTION = YES;
				GCC_WARN_UNUSED_VARIABLE = YES;
				IPHONEOS_DEPLOYMENT_TARGET = 10.2;
				MTL_ENABLE_DEBUG_INFO = YES;
				ONLY_ACTIVE_ARCH = YES;
				SDKROOT = iphoneos;
				SWIFT_ACTIVE_COMPILATION_CONDITIONS = DEBUG;
				SWIFT_OPTIMIZATION_LEVEL = "-Onone";
			};
			name = Debug;
		};
		ED8428C91E42A87F0038AC4A /* Release */ = {
			isa = XCBuildConfiguration;
			buildSettings = {
				ALWAYS_SEARCH_USER_PATHS = NO;
				CLANG_ANALYZER_NONNULL = YES;
				CLANG_CXX_LANGUAGE_STANDARD = "gnu++0x";
				CLANG_CXX_LIBRARY = "libc++";
				CLANG_ENABLE_MODULES = YES;
				CLANG_ENABLE_OBJC_ARC = YES;
				CLANG_WARN_BOOL_CONVERSION = YES;
				CLANG_WARN_CONSTANT_CONVERSION = YES;
				CLANG_WARN_DIRECT_OBJC_ISA_USAGE = YES_ERROR;
				CLANG_WARN_DOCUMENTATION_COMMENTS = YES;
				CLANG_WARN_EMPTY_BODY = YES;
				CLANG_WARN_ENUM_CONVERSION = YES;
				CLANG_WARN_INFINITE_RECURSION = YES;
				CLANG_WARN_INT_CONVERSION = YES;
				CLANG_WARN_OBJC_ROOT_CLASS = YES_ERROR;
				CLANG_WARN_SUSPICIOUS_MOVE = YES;
				CLANG_WARN_UNREACHABLE_CODE = YES;
				CLANG_WARN__DUPLICATE_METHOD_MATCH = YES;
				"CODE_SIGN_IDENTITY[sdk=iphoneos*]" = "iPhone Developer";
				COPY_PHASE_STRIP = NO;
				DEBUG_INFORMATION_FORMAT = "dwarf-with-dsym";
				ENABLE_NS_ASSERTIONS = NO;
				ENABLE_STRICT_OBJC_MSGSEND = YES;
				GCC_C_LANGUAGE_STANDARD = gnu99;
				GCC_NO_COMMON_BLOCKS = YES;
				GCC_WARN_64_TO_32_BIT_CONVERSION = YES;
				GCC_WARN_ABOUT_RETURN_TYPE = YES_ERROR;
				GCC_WARN_UNDECLARED_SELECTOR = YES;
				GCC_WARN_UNINITIALIZED_AUTOS = YES_AGGRESSIVE;
				GCC_WARN_UNUSED_FUNCTION = YES;
				GCC_WARN_UNUSED_VARIABLE = YES;
				IPHONEOS_DEPLOYMENT_TARGET = 10.2;
				MTL_ENABLE_DEBUG_INFO = NO;
				SDKROOT = iphoneos;
				SWIFT_OPTIMIZATION_LEVEL = "-Owholemodule";
				VALIDATE_PRODUCT = YES;
			};
			name = Release;
		};
		ED8428CB1E42A87F0038AC4A /* Debug */ = {
			isa = XCBuildConfiguration;
			baseConfigurationReference = E0D4189422228E8E10F721B7 /* Pods-pokedexSwift3.debug.xcconfig */;
			buildSettings = {
				ASSETCATALOG_COMPILER_APPICON_NAME = AppIcon;
				DEVELOPMENT_TEAM = ZEM5QV8235;
				INFOPLIST_FILE = pokedexSwift3/Info.plist;
				LD_RUNPATH_SEARCH_PATHS = "$(inherited) @executable_path/Frameworks";
				PRODUCT_BUNDLE_IDENTIFIER = com.blanco.pokedexSwift3;
				PRODUCT_NAME = "$(TARGET_NAME)";
				SWIFT_VERSION = 3.0;
			};
			name = Debug;
		};
		ED8428CC1E42A87F0038AC4A /* Release */ = {
			isa = XCBuildConfiguration;
			baseConfigurationReference = 8B8977C9351DEABED6A17272 /* Pods-pokedexSwift3.release.xcconfig */;
			buildSettings = {
				ASSETCATALOG_COMPILER_APPICON_NAME = AppIcon;
				DEVELOPMENT_TEAM = ZEM5QV8235;
				INFOPLIST_FILE = pokedexSwift3/Info.plist;
				LD_RUNPATH_SEARCH_PATHS = "$(inherited) @executable_path/Frameworks";
				PRODUCT_BUNDLE_IDENTIFIER = com.blanco.pokedexSwift3;
				PRODUCT_NAME = "$(TARGET_NAME)";
				SWIFT_VERSION = 3.0;
			};
			name = Release;
		};
/* End XCBuildConfiguration section */

/* Begin XCConfigurationList section */
		ED8428B31E42A87F0038AC4A /* Build configuration list for PBXProject "pokedexSwift3" */ = {
			isa = XCConfigurationList;
			buildConfigurations = (
				ED8428C81E42A87F0038AC4A /* Debug */,
				ED8428C91E42A87F0038AC4A /* Release */,
			);
			defaultConfigurationIsVisible = 0;
			defaultConfigurationName = Release;
		};
		ED8428CA1E42A87F0038AC4A /* Build configuration list for PBXNativeTarget "pokedexSwift3" */ = {
			isa = XCConfigurationList;
			buildConfigurations = (
				ED8428CB1E42A87F0038AC4A /* Debug */,
				ED8428CC1E42A87F0038AC4A /* Release */,
			);
			defaultConfigurationIsVisible = 0;
			defaultConfigurationName = Release;
		};
/* End XCConfigurationList section */
	};
	rootObject = ED8428B01E42A87F0038AC4A /* Project object */;
}
